
Microsoft Visual Studio Solution File, Format Version 12.00
# Visual Studio Version 17
VisualStudioVersion = 17.4.33403.182
MinimumVisualStudioVersion = 10.0.40219.1
Project("{FAE04EC0-301F-11D3-BF4B-00C04F79EFBC}") = "QuickPick", "QuickPick\QuickPick.csproj", "{73EA9CEC-DCA9-4E35-A3FF-C0FC7F473F5A}"
EndProject
Project("{FAE04EC0-301F-11D3-BF4B-00C04F79EFBC}") = "QuickPick.Tests", "QuickPick.Tests\QuickPick.Tests.csproj", "{068ECC79-DB48-461A-9515-93CAF8917E1C}"
EndProject
Global
	GlobalSection(SolutionConfigurationPlatforms) = preSolution
		Debug|Any CPU = Debug|Any CPU
		Debug|x64 = Debug|x64
		Release|Any CPU = Release|Any CPU
		Release|x64 = Release|x64
	EndGlobalSection
	GlobalSection(ProjectConfigurationPlatforms) = postSolution
		{73EA9CEC-DCA9-4E35-A3FF-C0FC7F473F5A}.Debug|Any CPU.ActiveCfg = Debug|Any CPU
		{73EA9CEC-DCA9-4E35-A3FF-C0FC7F473F5A}.Debug|Any CPU.Build.0 = Debug|Any CPU
		{73EA9CEC-DCA9-4E35-A3FF-C0FC7F473F5A}.Debug|x64.ActiveCfg = Debug|x64
		{73EA9CEC-DCA9-4E35-A3FF-C0FC7F473F5A}.Debug|x64.Build.0 = Debug|x64
		{73EA9CEC-DCA9-4E35-A3FF-C0FC7F473F5A}.Release|Any CPU.ActiveCfg = Release|Any CPU
		{73EA9CEC-DCA9-4E35-A3FF-C0FC7F473F5A}.Release|Any CPU.Build.0 = Release|Any CPU
		{73EA9CEC-DCA9-4E35-A3FF-C0FC7F473F5A}.Release|x64.ActiveCfg = Release|x64
		{73EA9CEC-DCA9-4E35-A3FF-C0FC7F473F5A}.Release|x64.Build.0 = Release|x64
		{068ECC79-DB48-461A-9515-93CAF8917E1C}.Debug|Any CPU.ActiveCfg = Debug|Any CPU
		{068ECC79-DB48-461A-9515-93CAF8917E1C}.Debug|Any CPU.Build.0 = Debug|Any CPU
		{068ECC79-DB48-461A-9515-93CAF8917E1C}.Debug|x64.ActiveCfg = Debug|Any CPU
		{068ECC79-DB48-461A-9515-93CAF8917E1C}.Debug|x64.Build.0 = Debug|Any CPU
		{068ECC79-DB48-461A-9515-93CAF8917E1C}.Release|Any CPU.ActiveCfg = Release|Any CPU
		{068ECC79-DB48-461A-9515-93CAF8917E1C}.Release|Any CPU.Build.0 = Release|Any CPU
		{068ECC79-DB48-461A-9515-93CAF8917E1C}.Release|x64.ActiveCfg = Release|Any CPU
		{068ECC79-DB48-461A-9515-93CAF8917E1C}.Release|x64.Build.0 = Release|Any CPU
	EndGlobalSection
	GlobalSection(SolutionProperties) = preSolution
		HideSolutionNode = FALSE
	EndGlobalSection
	GlobalSection(ExtensibilityGlobals) = postSolution
		SolutionGuid = {561518F5-EF53-4EAC-BD89-BFDE45C65E5A}
	EndGlobalSection
EndGlobal
